{
    "_readme": [
        "This file locks the dependencies of your project to a known state",
        "Read more about it at https://getcomposer.org/doc/01-basic-usage.md#composer-lock-the-lock-file",
        "This file is @generated automatically"
    ],
    "content-hash": "f2a223c72da68c420b4a0a8886e13ee5",
    "packages": [
        {
            "name": "ozh/bookmarkletgen",
            "version": "1.2",
            "source": {
                "type": "git",
                "url": "https://github.com/ozh/bookmarkletgen.git",
                "reference": "3319b53c493a1474a03d1cc4e087617652284c20"
            },
            "dist": {
                "type": "zip",
                "url": "https://api.github.com/repos/ozh/bookmarkletgen/zipball/3319b53c493a1474a03d1cc4e087617652284c20",
                "reference": "3319b53c493a1474a03d1cc4e087617652284c20",
                "shasum": ""
            },
            "require": {
                "php": ">=5.3"
            },
            "type": "library",
            "autoload": {
                "psr-0": {
                    "Ozh\\Bookmarkletgen\\": "src/"
                }
            },
            "notification-url": "https://packagist.org/downloads/",
            "license": [
                "MIT"
            ],
            "authors": [
                {
                    "name": "Ozh",
                    "homepage": "http://ozh.org/"
                }
            ],
            "description": "PHP class to convert JS into valid bookmarklet links",
            "homepage": "https://github.com/ozh/bookmarkletgen",
            "keywords": [
                "bookmarklet",
                "javascript"
            ],
            "time": "2017-05-18T12:46:21+00:00"
        },
        {
            "name": "ozh/phpass",
            "version": "1.2.0",
            "source": {
                "type": "git",
                "url": "https://github.com/ozh/phpass.git",
                "reference": "7d5b99ce3052faa84224cf680dc08c0a12ad396e"
            },
            "dist": {
                "type": "zip",
                "url": "https://api.github.com/repos/ozh/phpass/zipball/7d5b99ce3052faa84224cf680dc08c0a12ad396e",
                "reference": "7d5b99ce3052faa84224cf680dc08c0a12ad396e",
                "shasum": ""
            },
            "require": {
                "php": ">=5.3.0"
            },
            "type": "library",
            "autoload": {
                "psr-0": {
                    "Ozh\\Phpass\\": "src/"
                }
            },
            "notification-url": "https://packagist.org/downloads/",
            "license": [
                "Public Domain"
            ],
            "authors": [
                {
                    "name": "Solar Designer",
                    "email": "solar@openwall.com",
                    "homepage": "http://openwall.com/phpass/"
                }
            ],
            "description": "Portable PHP password hashing framework",
            "homepage": "http://github.com/ozh/phpass/",
            "keywords": [
                "blowfish",
                "crypt",
                "password",
                "security"
            ],
            "time": "2017-05-17T23:30:20+00:00"
        },
        {
            "name": "pomo/pomo",
            "version": "v1.3.0-beta",
            "source": {
                "type": "git",
                "url": "https://github.com/LeoColomb/pomo.git",
                "reference": "b27b66fef6dc9fd2fde7ee422c5c68f44cccddb6"
            },
            "dist": {
                "type": "zip",
                "url": "https://api.github.com/repos/LeoColomb/pomo/zipball/b27b66fef6dc9fd2fde7ee422c5c68f44cccddb6",
                "reference": "b27b66fef6dc9fd2fde7ee422c5c68f44cccddb6",
                "shasum": ""
            },
            "require": {
                "php": ">=5.3.0"
            },
            "require-dev": {
                "codeclimate/php-test-reporter": "dev-master",
                "phpunit/phpunit": ">=4.0"
            },
            "type": "library",
            "autoload": {
                "psr-4": {
                    "POMO\\": "src"
                }
            },
            "notification-url": "https://packagist.org/downloads/",
            "license": [
                "GPL-2.0+"
            ],
            "authors": [
                {
                    "name": "WordPress",
                    "homepage": "http://wordpress.org",
                    "role": "Author"
                },
                {
                    "name": "Leo Colombaro",
                    "homepage": "http://colombaro.fr",
                    "role": "Maintainer"
                }
            ],
            "description": "Gettext library to translate with I18n",
            "homepage": "https://github.com/LeoColomb/pomo",
            "keywords": [
                "gettext",
                "i18n",
                "internationalization",
                "localization",
                "translation"
            ],
            "time": "2014-07-22T20:42:48+00:00"
        },
        {
            "name": "rmccue/requests",
            "version": "v1.7.0",
            "source": {
                "type": "git",
                "url": "https://github.com/rmccue/Requests.git",
                "reference": "87932f52ffad70504d93f04f15690cf16a089546"
            },
            "dist": {
                "type": "zip",
                "url": "https://api.github.com/repos/rmccue/Requests/zipball/87932f52ffad70504d93f04f15690cf16a089546",
                "reference": "87932f52ffad70504d93f04f15690cf16a089546",
                "shasum": ""
            },
            "require": {
                "php": ">=5.2"
            },
            "require-dev": {
                "requests/test-server": "dev-master"
            },
            "type": "library",
            "autoload": {
                "psr-0": {
                    "Requests": "library/"
                }
            },
            "notification-url": "https://packagist.org/downloads/",
            "license": [
                "ISC"
            ],
            "authors": [
                {
                    "name": "Ryan McCue",
                    "homepage": "http://ryanmccue.info"
                }
            ],
            "description": "A HTTP library written in PHP, for human beings.",
            "homepage": "http://github.com/rmccue/Requests",
            "keywords": [
                "curl",
                "fsockopen",
                "http",
                "idna",
                "ipv6",
                "iri",
                "sockets"
            ],
            "time": "2016-10-13T00:11:37+00:00"
        }
    ],
    "packages-dev": [],
    "aliases": [],
    "minimum-stability": "stable",
    "stability-flags": {
        "pomo/pomo": 10
    },
    "prefer-stable": false,
    "prefer-lowest": false,
    "platform": {
        "php": ">=5.3",
        "ext-pdo": "*"
    },
    "platform-dev": []
}
